
Microsoft Visual Studio Solution File, Format Version 12.00
# Visual Studio Version 17
VisualStudioVersion = 17.0.31919.166
MinimumVisualStudioVersion = 10.0.40219.1
Project("{9A19103F-16F7-4668-BE54-9A1E7A4F7556}") = "Sat2IpGui", "Sat2IpGui\Sat2IpGui.csproj", "{9705558D-59C7-4293-BB7B-B3F19AE4FEB0}"
EndProject
Project("{9A19103F-16F7-4668-BE54-9A1E7A4F7556}") = "Scanner", "Scanner\Scanner.csproj", "{F42BCFDD-BE25-4768-B4A3-3DABFA844FE4}"
EndProject
Project("{9A19103F-16F7-4668-BE54-9A1E7A4F7556}") = "Protocol", "Protocol\Protocol.csproj", "{75D71B96-6C7D-47ED-A22A-D3AAE844DD45}"
EndProject
Project("{9A19103F-16F7-4668-BE54-9A1E7A4F7556}") = "ClientSockets", "ClientSocket\ClientSockets.csproj", "{FBFD5D8E-77B8-4320-97BA-4881E70C8245}"
EndProject
Project("{9A19103F-16F7-4668-BE54-9A1E7A4F7556}") = "Utils", "Utils\Utils.csproj", "{04CA401F-16B8-409A-BC75-97F788C618C8}"
EndProject
Project("{9A19103F-16F7-4668-BE54-9A1E7A4F7556}") = "Test", "Test\Test.csproj", "{1EBD8BE2-82D3-4356-ACEE-0B1EB33431FB}"
EndProject
Project("{9A19103F-16F7-4668-BE54-9A1E7A4F7556}") = "Descrambler", "Descrambler\Descrambler.csproj", "{8B26E6C2-B73C-4ED9-9BCA-FDD25CEBDDDB}"
EndProject
Project("{9A19103F-16F7-4668-BE54-9A1E7A4F7556}") = "ServerSockets", "ServerSockets\ServerSockets.csproj", "{5499934D-EFA4-4890-9D9C-C5C79A6EF2F9}"
EndProject
Project("{8BC9CEB8-8B4A-11D0-8D11-00A0C91BC942}") = "FFDecsa", "FFDecsa\FFDecsa.vcxproj", "{DC35F6B8-7CBB-4F45-BF41-DFE22BBE999C}"
EndProject
Global
	GlobalSection(SolutionConfigurationPlatforms) = preSolution
		Debug|Any CPU = Debug|Any CPU
		Debug|x64 = Debug|x64
		Debug|x86 = Debug|x86
		Release|Any CPU = Release|Any CPU
		Release|x64 = Release|x64
		Release|x86 = Release|x86
	EndGlobalSection
	GlobalSection(ProjectConfigurationPlatforms) = postSolution
		{9705558D-59C7-4293-BB7B-B3F19AE4FEB0}.Debug|Any CPU.ActiveCfg = Debug|Any CPU
		{9705558D-59C7-4293-BB7B-B3F19AE4FEB0}.Debug|Any CPU.Build.0 = Debug|Any CPU
		{9705558D-59C7-4293-BB7B-B3F19AE4FEB0}.Debug|x64.ActiveCfg = Debug|Any CPU
		{9705558D-59C7-4293-BB7B-B3F19AE4FEB0}.Debug|x64.Build.0 = Debug|Any CPU
		{9705558D-59C7-4293-BB7B-B3F19AE4FEB0}.Debug|x86.ActiveCfg = Debug|Any CPU
		{9705558D-59C7-4293-BB7B-B3F19AE4FEB0}.Debug|x86.Build.0 = Debug|Any CPU
		{9705558D-59C7-4293-BB7B-B3F19AE4FEB0}.Release|Any CPU.ActiveCfg = Release|Any CPU
		{9705558D-59C7-4293-BB7B-B3F19AE4FEB0}.Release|Any CPU.Build.0 = Release|Any CPU
		{9705558D-59C7-4293-BB7B-B3F19AE4FEB0}.Release|x64.ActiveCfg = Release|Any CPU
		{9705558D-59C7-4293-BB7B-B3F19AE4FEB0}.Release|x64.Build.0 = Release|Any CPU
		{9705558D-59C7-4293-BB7B-B3F19AE4FEB0}.Release|x86.ActiveCfg = Release|Any CPU
		{9705558D-59C7-4293-BB7B-B3F19AE4FEB0}.Release|x86.Build.0 = Release|Any CPU
		{F42BCFDD-BE25-4768-B4A3-3DABFA844FE4}.Debug|Any CPU.ActiveCfg = Debug|Any CPU
		{F42BCFDD-BE25-4768-B4A3-3DABFA844FE4}.Debug|Any CPU.Build.0 = Debug|Any CPU
		{F42BCFDD-BE25-4768-B4A3-3DABFA844FE4}.Debug|x64.ActiveCfg = Debug|Any CPU
		{F42BCFDD-BE25-4768-B4A3-3DABFA844FE4}.Debug|x64.Build.0 = Debug|Any CPU
		{F42BCFDD-BE25-4768-B4A3-3DABFA844FE4}.Debug|x86.ActiveCfg = Debug|Any CPU
		{F42BCFDD-BE25-4768-B4A3-3DABFA844FE4}.Debug|x86.Build.0 = Debug|Any CPU
		{F42BCFDD-BE25-4768-B4A3-3DABFA844FE4}.Release|Any CPU.ActiveCfg = Release|Any CPU
		{F42BCFDD-BE25-4768-B4A3-3DABFA844FE4}.Release|Any CPU.Build.0 = Release|Any CPU
		{F42BCFDD-BE25-4768-B4A3-3DABFA844FE4}.Release|x64.ActiveCfg = Release|Any CPU
		{F42BCFDD-BE25-4768-B4A3-3DABFA844FE4}.Release|x64.Build.0 = Release|Any CPU
		{F42BCFDD-BE25-4768-B4A3-3DABFA844FE4}.Release|x86.ActiveCfg = Release|Any CPU
		{F42BCFDD-BE25-4768-B4A3-3DABFA844FE4}.Release|x86.Build.0 = Release|Any CPU
		{75D71B96-6C7D-47ED-A22A-D3AAE844DD45}.Debug|Any CPU.ActiveCfg = Debug|Any CPU
		{75D71B96-6C7D-47ED-A22A-D3AAE844DD45}.Debug|Any CPU.Build.0 = Debug|Any CPU
		{75D71B96-6C7D-47ED-A22A-D3AAE844DD45}.Debug|x64.ActiveCfg = Debug|Any CPU
		{75D71B96-6C7D-47ED-A22A-D3AAE844DD45}.Debug|x64.Build.0 = Debug|Any CPU
		{75D71B96-6C7D-47ED-A22A-D3AAE844DD45}.Debug|x86.ActiveCfg = Debug|Any CPU
		{75D71B96-6C7D-47ED-A22A-D3AAE844DD45}.Debug|x86.Build.0 = Debug|Any CPU
		{75D71B96-6C7D-47ED-A22A-D3AAE844DD45}.Release|Any CPU.ActiveCfg = Release|Any CPU
		{75D71B96-6C7D-47ED-A22A-D3AAE844DD45}.Release|Any CPU.Build.0 = Release|Any CPU
		{75D71B96-6C7D-47ED-A22A-D3AAE844DD45}.Release|x64.ActiveCfg = Release|Any CPU
		{75D71B96-6C7D-47ED-A22A-D3AAE844DD45}.Release|x64.Build.0 = Release|Any CPU
		{75D71B96-6C7D-47ED-A22A-D3AAE844DD45}.Release|x86.ActiveCfg = Release|Any CPU
		{75D71B96-6C7D-47ED-A22A-D3AAE844DD45}.Release|x86.Build.0 = Release|Any CPU
		{FBFD5D8E-77B8-4320-97BA-4881E70C8245}.Debug|Any CPU.ActiveCfg = Debug|Any CPU
		{FBFD5D8E-77B8-4320-97BA-4881E70C8245}.Debug|Any CPU.Build.0 = Debug|Any CPU
		{FBFD5D8E-77B8-4320-97BA-4881E70C8245}.Debug|x64.ActiveCfg = Debug|Any CPU
		{FBFD5D8E-77B8-4320-97BA-4881E70C8245}.Debug|x64.Build.0 = Debug|Any CPU
		{FBFD5D8E-77B8-4320-97BA-4881E70C8245}.Debug|x86.ActiveCfg = Debug|Any CPU
		{FBFD5D8E-77B8-4320-97BA-4881E70C8245}.Debug|x86.Build.0 = Debug|Any CPU
		{FBFD5D8E-77B8-4320-97BA-4881E70C8245}.Release|Any CPU.ActiveCfg = Release|Any CPU
		{FBFD5D8E-77B8-4320-97BA-4881E70C8245}.Release|Any CPU.Build.0 = Release|Any CPU
		{FBFD5D8E-77B8-4320-97BA-4881E70C8245}.Release|x64.ActiveCfg = Release|Any CPU
		{FBFD5D8E-77B8-4320-97BA-4881E70C8245}.Release|x64.Build.0 = Release|Any CPU
		{FBFD5D8E-77B8-4320-97BA-4881E70C8245}.Release|x86.ActiveCfg = Release|Any CPU
		{FBFD5D8E-77B8-4320-97BA-4881E70C8245}.Release|x86.Build.0 = Release|Any CPU
		{04CA401F-16B8-409A-BC75-97F788C618C8}.Debug|Any CPU.ActiveCfg = Debug|Any CPU
		{04CA401F-16B8-409A-BC75-97F788C618C8}.Debug|Any CPU.Build.0 = Debug|Any CPU
		{04CA401F-16B8-409A-BC75-97F788C618C8}.Debug|x64.ActiveCfg = Debug|Any CPU
		{04CA401F-16B8-409A-BC75-97F788C618C8}.Debug|x64.Build.0 = Debug|Any CPU
		{04CA401F-16B8-409A-BC75-97F788C618C8}.Debug|x86.ActiveCfg = Debug|Any CPU
		{04CA401F-16B8-409A-BC75-97F788C618C8}.Debug|x86.Build.0 = Debug|Any CPU
		{04CA401F-16B8-409A-BC75-97F788C618C8}.Release|Any CPU.ActiveCfg = Release|Any CPU
		{04CA401F-16B8-409A-BC75-97F788C618C8}.Release|Any CPU.Build.0 = Release|Any CPU
		{04CA401F-16B8-409A-BC75-97F788C618C8}.Release|x64.ActiveCfg = Release|Any CPU
		{04CA401F-16B8-409A-BC75-97F788C618C8}.Release|x64.Build.0 = Release|Any CPU
		{04CA401F-16B8-409A-BC75-97F788C618C8}.Release|x86.ActiveCfg = Release|Any CPU
		{04CA401F-16B8-409A-BC75-97F788C618C8}.Release|x86.Build.0 = Release|Any CPU
		{1EBD8BE2-82D3-4356-ACEE-0B1EB33431FB}.Debug|Any CPU.ActiveCfg = Debug|Any CPU
		{1EBD8BE2-82D3-4356-ACEE-0B1EB33431FB}.Debug|Any CPU.Build.0 = Debug|Any CPU
		{1EBD8BE2-82D3-4356-ACEE-0B1EB33431FB}.Debug|x64.ActiveCfg = Debug|Any CPU
		{1EBD8BE2-82D3-4356-ACEE-0B1EB33431FB}.Debug|x64.Build.0 = Debug|Any CPU
		{1EBD8BE2-82D3-4356-ACEE-0B1EB33431FB}.Debug|x86.ActiveCfg = Debug|Any CPU
		{1EBD8BE2-82D3-4356-ACEE-0B1EB33431FB}.Debug|x86.Build.0 = Debug|Any CPU
		{1EBD8BE2-82D3-4356-ACEE-0B1EB33431FB}.Release|Any CPU.ActiveCfg = Release|Any CPU
		{1EBD8BE2-82D3-4356-ACEE-0B1EB33431FB}.Release|Any CPU.Build.0 = Release|Any CPU
		{1EBD8BE2-82D3-4356-ACEE-0B1EB33431FB}.Release|x64.ActiveCfg = Release|Any CPU
		{1EBD8BE2-82D3-4356-ACEE-0B1EB33431FB}.Release|x64.Build.0 = Release|Any CPU
		{1EBD8BE2-82D3-4356-ACEE-0B1EB33431FB}.Release|x86.ActiveCfg = Release|Any CPU
		{1EBD8BE2-82D3-4356-ACEE-0B1EB33431FB}.Release|x86.Build.0 = Release|Any CPU
		{8B26E6C2-B73C-4ED9-9BCA-FDD25CEBDDDB}.Debug|Any CPU.ActiveCfg = Debug|Any CPU
		{8B26E6C2-B73C-4ED9-9BCA-FDD25CEBDDDB}.Debug|Any CPU.Build.0 = Debug|Any CPU
		{8B26E6C2-B73C-4ED9-9BCA-FDD25CEBDDDB}.Debug|x64.ActiveCfg = Debug|Any CPU
		{8B26E6C2-B73C-4ED9-9BCA-FDD25CEBDDDB}.Debug|x64.Build.0 = Debug|Any CPU
		{8B26E6C2-B73C-4ED9-9BCA-FDD25CEBDDDB}.Debug|x86.ActiveCfg = Debug|Any CPU
		{8B26E6C2-B73C-4ED9-9BCA-FDD25CEBDDDB}.Debug|x86.Build.0 = Debug|Any CPU
		{8B26E6C2-B73C-4ED9-9BCA-FDD25CEBDDDB}.Release|Any CPU.ActiveCfg = Release|Any CPU
		{8B26E6C2-B73C-4ED9-9BCA-FDD25CEBDDDB}.Release|Any CPU.Build.0 = Release|Any CPU
		{8B26E6C2-B73C-4ED9-9BCA-FDD25CEBDDDB}.Release|x64.ActiveCfg = Release|Any CPU
		{8B26E6C2-B73C-4ED9-9BCA-FDD25CEBDDDB}.Release|x64.Build.0 = Release|Any CPU
		{8B26E6C2-B73C-4ED9-9BCA-FDD25CEBDDDB}.Release|x86.ActiveCfg = Release|Any CPU
		{8B26E6C2-B73C-4ED9-9BCA-FDD25CEBDDDB}.Release|x86.Build.0 = Release|Any CPU
		{5499934D-EFA4-4890-9D9C-C5C79A6EF2F9}.Debug|Any CPU.ActiveCfg = Debug|Any CPU
		{5499934D-EFA4-4890-9D9C-C5C79A6EF2F9}.Debug|Any CPU.Build.0 = Debug|Any CPU
		{5499934D-EFA4-4890-9D9C-C5C79A6EF2F9}.Debug|x64.ActiveCfg = Debug|Any CPU
		{5499934D-EFA4-4890-9D9C-C5C79A6EF2F9}.Debug|x64.Build.0 = Debug|Any CPU
		{5499934D-EFA4-4890-9D9C-C5C79A6EF2F9}.Debug|x86.ActiveCfg = Debug|Any CPU
		{5499934D-EFA4-4890-9D9C-C5C79A6EF2F9}.Debug|x86.Build.0 = Debug|Any CPU
		{5499934D-EFA4-4890-9D9C-C5C79A6EF2F9}.Release|Any CPU.ActiveCfg = Release|Any CPU
		{5499934D-EFA4-4890-9D9C-C5C79A6EF2F9}.Release|Any CPU.Build.0 = Release|Any CPU
		{5499934D-EFA4-4890-9D9C-C5C79A6EF2F9}.Release|x64.ActiveCfg = Release|Any CPU
		{5499934D-EFA4-4890-9D9C-C5C79A6EF2F9}.Release|x64.Build.0 = Release|Any CPU
		{5499934D-EFA4-4890-9D9C-C5C79A6EF2F9}.Release|x86.ActiveCfg = Release|Any CPU
		{5499934D-EFA4-4890-9D9C-C5C79A6EF2F9}.Release|x86.Build.0 = Release|Any CPU
		{DC35F6B8-7CBB-4F45-BF41-DFE22BBE999C}.Debug|Any CPU.ActiveCfg = Debug|x64
		{DC35F6B8-7CBB-4F45-BF41-DFE22BBE999C}.Debug|Any CPU.Build.0 = Debug|x64
		{DC35F6B8-7CBB-4F45-BF41-DFE22BBE999C}.Debug|x64.ActiveCfg = Debug|x64
		{DC35F6B8-7CBB-4F45-BF41-DFE22BBE999C}.Debug|x64.Build.0 = Debug|x64
		{DC35F6B8-7CBB-4F45-BF41-DFE22BBE999C}.Debug|x86.ActiveCfg = Debug|Win32
		{DC35F6B8-7CBB-4F45-BF41-DFE22BBE999C}.Debug|x86.Build.0 = Debug|Win32
		{DC35F6B8-7CBB-4F45-BF41-DFE22BBE999C}.Release|Any CPU.ActiveCfg = Release|x64
		{DC35F6B8-7CBB-4F45-BF41-DFE22BBE999C}.Release|Any CPU.Build.0 = Release|x64
		{DC35F6B8-7CBB-4F45-BF41-DFE22BBE999C}.Release|x64.ActiveCfg = Release|x64
		{DC35F6B8-7CBB-4F45-BF41-DFE22BBE999C}.Release|x64.Build.0 = Release|x64
		{DC35F6B8-7CBB-4F45-BF41-DFE22BBE999C}.Release|x86.ActiveCfg = Release|Win32
		{DC35F6B8-7CBB-4F45-BF41-DFE22BBE999C}.Release|x86.Build.0 = Release|Win32
	EndGlobalSection
	GlobalSection(SolutionProperties) = preSolution
		HideSolutionNode = FALSE
	EndGlobalSection
	GlobalSection(ExtensibilityGlobals) = postSolution
		SolutionGuid = {72FE5F45-BF42-456E-804B-5B9CB5963992}
	EndGlobalSection
EndGlobal
