<?xml version="1.0" encoding="utf-8"?>
<Project ToolsVersion="4.0" xmlns="http://schemas.microsoft.com/developer/msbuild/2003">
  <ItemGroup>
    <Filter Include="Source Files">
      <UniqueIdentifier>{4FC737F1-C7A5-4376-A066-2A32D752A2FF}</UniqueIdentifier>
      <Extensions>cpp;c;cc;cxx;c++;cppm;ixx;def;odl;idl;hpj;bat;asm;asmx</Extensions>
    </Filter>
    <Filter Include="Header Files">
      <UniqueIdentifier>{93995380-89BD-4b04-88EB-625FBE52EBFB}</UniqueIdentifier>
      <Extensions>h;hh;hpp;hxx;h++;hm;inl;inc;ipp;xsd</Extensions>
    </Filter>
    <Filter Include="Resource Files">
      <UniqueIdentifier>{67DA6AB6-F800-4c08-8B7A-83BB121AAD01}</UniqueIdentifier>
      <Extensions>rc;ico;cur;bmp;dlg;rc2;rct;bin;rgs;gif;jpg;jpeg;jpe;resx;tiff;tif;png;wav;mfcribbon-ms</Extensions>
    </Filter>
    <Filter Include="linux compatibility">
      <UniqueIdentifier>{c996e115-60a2-4e6e-9256-3d4fcbef8632}</UniqueIdentifier>
    </Filter>
  </ItemGroup>
  <ItemGroup>
    <ClCompile Include="FFdecsa.c">
      <Filter>Source Files</Filter>
    </ClCompile>
    <ClCompile Include="FFdecsa_test.c">
      <Filter>Source Files</Filter>
    </ClCompile>
    <ClCompile Include="getimeofday.c">
      <Filter>linux compatibility</Filter>
    </ClCompile>
  </ItemGroup>
  <ItemGroup>
    <ClInclude Include="FFdecsa_test_testcases.h">
      <Filter>Header Files</Filter>
    </ClInclude>
    <ClInclude Include="fftable.h">
      <Filter>Header Files</Filter>
    </ClInclude>
    <ClInclude Include="parallel_032_4char.h">
      <Filter>Header Files</Filter>
    </ClInclude>
    <ClInclude Include="parallel_032_4charA.h">
      <Filter>Header Files</Filter>
    </ClInclude>
    <ClInclude Include="parallel_032_int.h">
      <Filter>Header Files</Filter>
    </ClInclude>
    <ClInclude Include="parallel_064_2int.h">
      <Filter>Header Files</Filter>
    </ClInclude>
    <ClInclude Include="parallel_064_8char.h">
      <Filter>Header Files</Filter>
    </ClInclude>
    <ClInclude Include="parallel_064_8charA.h">
      <Filter>Header Files</Filter>
    </ClInclude>
    <ClInclude Include="parallel_064_long.h">
      <Filter>Header Files</Filter>
    </ClInclude>
    <ClInclude Include="parallel_064_mmx.h">
      <Filter>Header Files</Filter>
    </ClInclude>
    <ClInclude Include="parallel_128_2long.h">
      <Filter>Header Files</Filter>
    </ClInclude>
    <ClInclude Include="parallel_128_2mmx.h">
      <Filter>Header Files</Filter>
    </ClInclude>
    <ClInclude Include="parallel_128_4int.h">
      <Filter>Header Files</Filter>
    </ClInclude>
    <ClInclude Include="parallel_128_16char.h">
      <Filter>Header Files</Filter>
    </ClInclude>
    <ClInclude Include="parallel_128_16charA.h">
      <Filter>Header Files</Filter>
    </ClInclude>
    <ClInclude Include="parallel_128_sse.h">
      <Filter>Header Files</Filter>
    </ClInclude>
    <ClInclude Include="parallel_128_sse2.h">
      <Filter>Header Files</Filter>
    </ClInclude>
    <ClInclude Include="parallel_generic.h">
      <Filter>Header Files</Filter>
    </ClInclude>
    <ClInclude Include="parallel_std_def.h">
      <Filter>Header Files</Filter>
    </ClInclude>
  </ItemGroup>
</Project>